
Microsoft Visual Studio Solution File, Format Version 12.00
# Visual Studio Version 17
VisualStudioVersion = 17.8.34330.188
MinimumVisualStudioVersion = 10.0.40219.1
Project("{FAE04EC0-301F-11D3-BF4B-00C04F79EFBC}") = "Hospital.Web", "Hospital.Web\Hospital.Web.csproj", "{B6D558FC-0CA1-486B-8670-7D39E2F2021E}"
EndProject
Project("{FAE04EC0-301F-11D3-BF4B-00C04F79EFBC}") = "Hospital.Domain", "Hospital.Domain\Hospital.Domain.csproj", "{518E10D2-8216-4E38-8ED2-E5202E27AA61}"
EndProject
Project("{FAE04EC0-301F-11D3-BF4B-00C04F79EFBC}") = "Hospital.Application", "Hospital.Application\Hospital.Application.csproj", "{657925B5-8CB8-44C8-944C-281F7EE060C2}"
EndProject
Project("{FAE04EC0-301F-11D3-BF4B-00C04F79EFBC}") = "Hospital.Infrastructure", "Hospital.Infrastructure\Hospital.Infrastructure.csproj", "{FD250537-676B-4BE4-80A5-BDA6D73A0A45}"
EndProject
Global
	GlobalSection(SolutionConfigurationPlatforms) = preSolution
		Debug|Any CPU = Debug|Any CPU
		Release|Any CPU = Release|Any CPU
	EndGlobalSection
	GlobalSection(ProjectConfigurationPlatforms) = postSolution
		{B6D558FC-0CA1-486B-8670-7D39E2F2021E}.Debug|Any CPU.ActiveCfg = Debug|Any CPU
		{B6D558FC-0CA1-486B-8670-7D39E2F2021E}.Debug|Any CPU.Build.0 = Debug|Any CPU
		{B6D558FC-0CA1-486B-8670-7D39E2F2021E}.Release|Any CPU.ActiveCfg = Release|Any CPU
		{B6D558FC-0CA1-486B-8670-7D39E2F2021E}.Release|Any CPU.Build.0 = Release|Any CPU
		{518E10D2-8216-4E38-8ED2-E5202E27AA61}.Debug|Any CPU.ActiveCfg = Debug|Any CPU
		{518E10D2-8216-4E38-8ED2-E5202E27AA61}.Debug|Any CPU.Build.0 = Debug|Any CPU
		{518E10D2-8216-4E38-8ED2-E5202E27AA61}.Release|Any CPU.ActiveCfg = Release|Any CPU
		{518E10D2-8216-4E38-8ED2-E5202E27AA61}.Release|Any CPU.Build.0 = Release|Any CPU
		{657925B5-8CB8-44C8-944C-281F7EE060C2}.Debug|Any CPU.ActiveCfg = Debug|Any CPU
		{657925B5-8CB8-44C8-944C-281F7EE060C2}.Debug|Any CPU.Build.0 = Debug|Any CPU
		{657925B5-8CB8-44C8-944C-281F7EE060C2}.Release|Any CPU.ActiveCfg = Release|Any CPU
		{657925B5-8CB8-44C8-944C-281F7EE060C2}.Release|Any CPU.Build.0 = Release|Any CPU
		{FD250537-676B-4BE4-80A5-BDA6D73A0A45}.Debug|Any CPU.ActiveCfg = Debug|Any CPU
		{FD250537-676B-4BE4-80A5-BDA6D73A0A45}.Debug|Any CPU.Build.0 = Debug|Any CPU
		{FD250537-676B-4BE4-80A5-BDA6D73A0A45}.Release|Any CPU.ActiveCfg = Release|Any CPU
		{FD250537-676B-4BE4-80A5-BDA6D73A0A45}.Release|Any CPU.Build.0 = Release|Any CPU
	EndGlobalSection
	GlobalSection(SolutionProperties) = preSolution
		HideSolutionNode = FALSE
	EndGlobalSection
	GlobalSection(ExtensibilityGlobals) = postSolution
		SolutionGuid = {D3FD1B16-A775-4E07-95FB-932D9CBFDEBA}
	EndGlobalSection
EndGlobal
